// !$*UTF8*$!
{
	archiveVersion = 1;
	classes = {
	};
	objectVersion = 56;
	objects = {

/* Begin PBXBuildFile section */
		DC2E92F52B25D5B00027E1F2 /* Day03.swift in Sources */ = {isa = PBXBuildFile; fileRef = DC2E92F42B25D5B00027E1F2 /* Day03.swift */; };
		DC2E92F72B25D6330027E1F2 /* Day03Tests.swift in Sources */ = {isa = PBXBuildFile; fileRef = DC2E92F62B25D6330027E1F2 /* Day03Tests.swift */; };
		DC2E92FB2B25F25C0027E1F2 /* Day04.swift in Sources */ = {isa = PBXBuildFile; fileRef = DC2E92FA2B25F25C0027E1F2 /* Day04.swift */; };
		DC2E92FD2B25F2BA0027E1F2 /* Day04Tests.swift in Sources */ = {isa = PBXBuildFile; fileRef = DC2E92FC2B25F2BA0027E1F2 /* Day04Tests.swift */; };
		DCA2B9CB2B1DFFF6004D4BCE /* inputs in Resources */ = {isa = PBXBuildFile; fileRef = DCA2B9CA2B1DFFF5004D4BCE /* inputs */; };
		DCC073DC2B1F5621005C43FE /* AOCDayProtocol.swift in Sources */ = {isa = PBXBuildFile; fileRef = DCC073DB2B1F5621005C43FE /* AOCDayProtocol.swift */; };
		DCC073DE2B1F56DD005C43FE /* Day02.swift in Sources */ = {isa = PBXBuildFile; fileRef = DCC073DD2B1F56DD005C43FE /* Day02.swift */; };
		DCC073E02B1F6343005C43FE /* Day02Tests.swift in Sources */ = {isa = PBXBuildFile; fileRef = DCC073DF2B1F6343005C43FE /* Day02Tests.swift */; };
		DCC5EF362B1CB3E800C404E5 /* main.swift in Sources */ = {isa = PBXBuildFile; fileRef = DCC5EF352B1CB3E800C404E5 /* main.swift */; };
		DCC5EF452B1CB4BA00C404E5 /* adventOfCode2023Core.docc in Sources */ = {isa = PBXBuildFile; fileRef = DCC5EF442B1CB4BA00C404E5 /* adventOfCode2023Core.docc */; };
		DCC5EF4B2B1CB4BA00C404E5 /* adventOfCode2023Core.framework in Frameworks */ = {isa = PBXBuildFile; fileRef = DCC5EF412B1CB4BA00C404E5 /* adventOfCode2023Core.framework */; };
		DCC5EF512B1CB4BA00C404E5 /* adventOfCode2023Core.h in Headers */ = {isa = PBXBuildFile; fileRef = DCC5EF432B1CB4BA00C404E5 /* adventOfCode2023Core.h */; settings = {ATTRIBUTES = (Public, ); }; };
		DCC5EF5B2B1CB50F00C404E5 /* Day01.swift in Sources */ = {isa = PBXBuildFile; fileRef = DCC5EF5A2B1CB50F00C404E5 /* Day01.swift */; };
		DCC5EF5D2B1CB54000C404E5 /* Day01Tests.swift in Sources */ = {isa = PBXBuildFile; fileRef = DCC5EF5C2B1CB54000C404E5 /* Day01Tests.swift */; };
/* End PBXBuildFile section */

/* Begin PBXContainerItemProxy section */
		DCC5EF4C2B1CB4BA00C404E5 /* PBXContainerItemProxy */ = {
			isa = PBXContainerItemProxy;
			containerPortal = DCC5EF2A2B1CB3E800C404E5 /* Project object */;
			proxyType = 1;
			remoteGlobalIDString = DCC5EF402B1CB4BA00C404E5;
			remoteInfo = adventOfCode2023Core;
		};
/* End PBXContainerItemProxy section */

/* Begin PBXCopyFilesBuildPhase section */
		DCC5EF302B1CB3E800C404E5 /* CopyFiles */ = {
			isa = PBXCopyFilesBuildPhase;
			buildActionMask = 2147483647;
			dstPath = /usr/share/man/man1/;
			dstSubfolderSpec = 0;
			files = (
			);
			runOnlyForDeploymentPostprocessing = 1;
		};
/* End PBXCopyFilesBuildPhase section */

/* Begin PBXFileReference section */
		DC2E92F42B25D5B00027E1F2 /* Day03.swift */ = {isa = PBXFileReference; lastKnownFileType = sourcecode.swift; path = Day03.swift; sourceTree = "<group>"; };
		DC2E92F62B25D6330027E1F2 /* Day03Tests.swift */ = {isa = PBXFileReference; lastKnownFileType = sourcecode.swift; path = Day03Tests.swift; sourceTree = "<group>"; };
		DC2E92FA2B25F25C0027E1F2 /* Day04.swift */ = {isa = PBXFileReference; lastKnownFileType = sourcecode.swift; path = Day04.swift; sourceTree = "<group>"; };
		DC2E92FC2B25F2BA0027E1F2 /* Day04Tests.swift */ = {isa = PBXFileReference; lastKnownFileType = sourcecode.swift; path = Day04Tests.swift; sourceTree = "<group>"; };
		DCA2B9CA2B1DFFF5004D4BCE /* inputs */ = {isa = PBXFileReference; lastKnownFileType = folder; path = inputs; sourceTree = "<group>"; };
		DCC073DB2B1F5621005C43FE /* AOCDayProtocol.swift */ = {isa = PBXFileReference; lastKnownFileType = sourcecode.swift; path = AOCDayProtocol.swift; sourceTree = "<group>"; };
		DCC073DD2B1F56DD005C43FE /* Day02.swift */ = {isa = PBXFileReference; lastKnownFileType = sourcecode.swift; path = Day02.swift; sourceTree = "<group>"; };
		DCC073DF2B1F6343005C43FE /* Day02Tests.swift */ = {isa = PBXFileReference; lastKnownFileType = sourcecode.swift; path = Day02Tests.swift; sourceTree = "<group>"; };
		DCC5EF322B1CB3E800C404E5 /* adventOfCode2023 */ = {isa = PBXFileReference; explicitFileType = "compiled.mach-o.executable"; includeInIndex = 0; path = adventOfCode2023; sourceTree = BUILT_PRODUCTS_DIR; };
		DCC5EF352B1CB3E800C404E5 /* main.swift */ = {isa = PBXFileReference; lastKnownFileType = sourcecode.swift; path = main.swift; sourceTree = "<group>"; };
		DCC5EF412B1CB4BA00C404E5 /* adventOfCode2023Core.framework */ = {isa = PBXFileReference; explicitFileType = wrapper.framework; includeInIndex = 0; path = adventOfCode2023Core.framework; sourceTree = BUILT_PRODUCTS_DIR; };
		DCC5EF432B1CB4BA00C404E5 /* adventOfCode2023Core.h */ = {isa = PBXFileReference; lastKnownFileType = sourcecode.c.h; path = adventOfCode2023Core.h; sourceTree = "<group>"; };
		DCC5EF442B1CB4BA00C404E5 /* adventOfCode2023Core.docc */ = {isa = PBXFileReference; lastKnownFileType = folder.documentationcatalog; path = adventOfCode2023Core.docc; sourceTree = "<group>"; };
		DCC5EF4A2B1CB4BA00C404E5 /* adventOfCode2023CoreTests.xctest */ = {isa = PBXFileReference; explicitFileType = wrapper.cfbundle; includeInIndex = 0; path = adventOfCode2023CoreTests.xctest; sourceTree = BUILT_PRODUCTS_DIR; };
		DCC5EF5A2B1CB50F00C404E5 /* Day01.swift */ = {isa = PBXFileReference; lastKnownFileType = sourcecode.swift; path = Day01.swift; sourceTree = "<group>"; };
		DCC5EF5C2B1CB54000C404E5 /* Day01Tests.swift */ = {isa = PBXFileReference; lastKnownFileType = sourcecode.swift; path = Day01Tests.swift; sourceTree = "<group>"; };
/* End PBXFileReference section */

/* Begin PBXFrameworksBuildPhase section */
		DCC5EF2F2B1CB3E800C404E5 /* Frameworks */ = {
			isa = PBXFrameworksBuildPhase;
			buildActionMask = 2147483647;
			files = (
			);
			runOnlyForDeploymentPostprocessing = 0;
		};
		DCC5EF3E2B1CB4BA00C404E5 /* Frameworks */ = {
			isa = PBXFrameworksBuildPhase;
			buildActionMask = 2147483647;
			files = (
			);
			runOnlyForDeploymentPostprocessing = 0;
		};
		DCC5EF472B1CB4BA00C404E5 /* Frameworks */ = {
			isa = PBXFrameworksBuildPhase;
			buildActionMask = 2147483647;
			files = (
				DCC5EF4B2B1CB4BA00C404E5 /* adventOfCode2023Core.framework in Frameworks */,
			);
			runOnlyForDeploymentPostprocessing = 0;
		};
/* End PBXFrameworksBuildPhase section */

/* Begin PBXGroup section */
		DCC5EF292B1CB3E800C404E5 = {
			isa = PBXGroup;
			children = (
				DCC5EF342B1CB3E800C404E5 /* adventOfCode2023 */,
				DCC5EF422B1CB4BA00C404E5 /* adventOfCode2023Core */,
				DCC5EF4E2B1CB4BA00C404E5 /* adventOfCode2023CoreTests */,
				DCC5EF332B1CB3E800C404E5 /* Products */,
			);
			sourceTree = "<group>";
		};
		DCC5EF332B1CB3E800C404E5 /* Products */ = {
			isa = PBXGroup;
			children = (
				DCC5EF322B1CB3E800C404E5 /* adventOfCode2023 */,
				DCC5EF412B1CB4BA00C404E5 /* adventOfCode2023Core.framework */,
				DCC5EF4A2B1CB4BA00C404E5 /* adventOfCode2023CoreTests.xctest */,
			);
			name = Products;
			sourceTree = "<group>";
		};
		DCC5EF342B1CB3E800C404E5 /* adventOfCode2023 */ = {
			isa = PBXGroup;
			children = (
				DCC5EF352B1CB3E800C404E5 /* main.swift */,
			);
			path = adventOfCode2023;
			sourceTree = "<group>";
		};
		DCC5EF422B1CB4BA00C404E5 /* adventOfCode2023Core */ = {
			isa = PBXGroup;
			children = (
				DCA2B9CA2B1DFFF5004D4BCE /* inputs */,
				DCC5EF432B1CB4BA00C404E5 /* adventOfCode2023Core.h */,
				DCC5EF442B1CB4BA00C404E5 /* adventOfCode2023Core.docc */,
				DCC5EF5A2B1CB50F00C404E5 /* Day01.swift */,
				DCC073DB2B1F5621005C43FE /* AOCDayProtocol.swift */,
				DCC073DD2B1F56DD005C43FE /* Day02.swift */,
				DC2E92F42B25D5B00027E1F2 /* Day03.swift */,
				DC2E92FA2B25F25C0027E1F2 /* Day04.swift */,
			);
			path = adventOfCode2023Core;
			sourceTree = "<group>";
		};
		DCC5EF4E2B1CB4BA00C404E5 /* adventOfCode2023CoreTests */ = {
			isa = PBXGroup;
			children = (
				DCC5EF5C2B1CB54000C404E5 /* Day01Tests.swift */,
				DCC073DF2B1F6343005C43FE /* Day02Tests.swift */,
				DC2E92F62B25D6330027E1F2 /* Day03Tests.swift */,
				DC2E92FC2B25F2BA0027E1F2 /* Day04Tests.swift */,
			);
			path = adventOfCode2023CoreTests;
			sourceTree = "<group>";
		};
/* End PBXGroup section */

/* Begin PBXHeadersBuildPhase section */
		DCC5EF3C2B1CB4BA00C404E5 /* Headers */ = {
			isa = PBXHeadersBuildPhase;
			buildActionMask = 2147483647;
			files = (
				DCC5EF512B1CB4BA00C404E5 /* adventOfCode2023Core.h in Headers */,
			);
			runOnlyForDeploymentPostprocessing = 0;
		};
/* End PBXHeadersBuildPhase section */

/* Begin PBXNativeTarget section */
		DCC5EF312B1CB3E800C404E5 /* adventOfCode2023 */ = {
			isa = PBXNativeTarget;
			buildConfigurationList = DCC5EF392B1CB3E800C404E5 /* Build configuration list for PBXNativeTarget "adventOfCode2023" */;
			buildPhases = (
				DCC5EF2E2B1CB3E800C404E5 /* Sources */,
				DCC5EF2F2B1CB3E800C404E5 /* Frameworks */,
				DCC5EF302B1CB3E800C404E5 /* CopyFiles */,
			);
			buildRules = (
			);
			dependencies = (
			);
			name = adventOfCode2023;
			productName = adventOfCode2023;
			productReference = DCC5EF322B1CB3E800C404E5 /* adventOfCode2023 */;
			productType = "com.apple.product-type.tool";
		};
		DCC5EF402B1CB4BA00C404E5 /* adventOfCode2023Core */ = {
			isa = PBXNativeTarget;
			buildConfigurationList = DCC5EF522B1CB4BA00C404E5 /* Build configuration list for PBXNativeTarget "adventOfCode2023Core" */;
			buildPhases = (
				DCC5EF3C2B1CB4BA00C404E5 /* Headers */,
				DCC5EF3D2B1CB4BA00C404E5 /* Sources */,
				DCC5EF3E2B1CB4BA00C404E5 /* Frameworks */,
				DCC5EF3F2B1CB4BA00C404E5 /* Resources */,
			);
			buildRules = (
			);
			dependencies = (
			);
			name = adventOfCode2023Core;
			productName = adventOfCode2023Core;
			productReference = DCC5EF412B1CB4BA00C404E5 /* adventOfCode2023Core.framework */;
			productType = "com.apple.product-type.framework";
		};
		DCC5EF492B1CB4BA00C404E5 /* adventOfCode2023CoreTests */ = {
			isa = PBXNativeTarget;
			buildConfigurationList = DCC5EF552B1CB4BA00C404E5 /* Build configuration list for PBXNativeTarget "adventOfCode2023CoreTests" */;
			buildPhases = (
				DCC5EF462B1CB4BA00C404E5 /* Sources */,
				DCC5EF472B1CB4BA00C404E5 /* Frameworks */,
				DCC5EF482B1CB4BA00C404E5 /* Resources */,
			);
			buildRules = (
			);
			dependencies = (
				DCC5EF4D2B1CB4BA00C404E5 /* PBXTargetDependency */,
			);
			name = adventOfCode2023CoreTests;
			productName = adventOfCode2023CoreTests;
			productReference = DCC5EF4A2B1CB4BA00C404E5 /* adventOfCode2023CoreTests.xctest */;
			productType = "com.apple.product-type.bundle.unit-test";
		};
/* End PBXNativeTarget section */

/* Begin PBXProject section */
		DCC5EF2A2B1CB3E800C404E5 /* Project object */ = {
			isa = PBXProject;
			attributes = {
				BuildIndependentTargetsInParallel = 1;
				LastSwiftUpdateCheck = 1500;
				LastUpgradeCheck = 1500;
				TargetAttributes = {
					DCC5EF312B1CB3E800C404E5 = {
						CreatedOnToolsVersion = 15.0.1;
					};
					DCC5EF402B1CB4BA00C404E5 = {
						CreatedOnToolsVersion = 15.0.1;
					};
					DCC5EF492B1CB4BA00C404E5 = {
						CreatedOnToolsVersion = 15.0.1;
					};
				};
			};
			buildConfigurationList = DCC5EF2D2B1CB3E800C404E5 /* Build configuration list for PBXProject "adventOfCode2023" */;
			compatibilityVersion = "Xcode 14.0";
			developmentRegion = en;
			hasScannedForEncodings = 0;
			knownRegions = (
				en,
				Base,
			);
			mainGroup = DCC5EF292B1CB3E800C404E5;
			productRefGroup = DCC5EF332B1CB3E800C404E5 /* Products */;
			projectDirPath = "";
			projectRoot = "";
			targets = (
				DCC5EF312B1CB3E800C404E5 /* adventOfCode2023 */,
				DCC5EF402B1CB4BA00C404E5 /* adventOfCode2023Core */,
				DCC5EF492B1CB4BA00C404E5 /* adventOfCode2023CoreTests */,
			);
		};
/* End PBXProject section */

/* Begin PBXResourcesBuildPhase section */
		DCC5EF3F2B1CB4BA00C404E5 /* Resources */ = {
			isa = PBXResourcesBuildPhase;
			buildActionMask = 2147483647;
			files = (
				DCA2B9CB2B1DFFF6004D4BCE /* inputs in Resources */,
			);
			runOnlyForDeploymentPostprocessing = 0;
		};
		DCC5EF482B1CB4BA00C404E5 /* Resources */ = {
			isa = PBXResourcesBuildPhase;
			buildActionMask = 2147483647;
			files = (
			);
			runOnlyForDeploymentPostprocessing = 0;
		};
/* End PBXResourcesBuildPhase section */

/* Begin PBXSourcesBuildPhase section */
		DCC5EF2E2B1CB3E800C404E5 /* Sources */ = {
			isa = PBXSourcesBuildPhase;
			buildActionMask = 2147483647;
			files = (
				DCC5EF362B1CB3E800C404E5 /* main.swift in Sources */,
			);
			runOnlyForDeploymentPostprocessing = 0;
		};
		DCC5EF3D2B1CB4BA00C404E5 /* Sources */ = {
			isa = PBXSourcesBuildPhase;
			buildActionMask = 2147483647;
			files = (
				DC2E92FB2B25F25C0027E1F2 /* Day04.swift in Sources */,
				DCC073DC2B1F5621005C43FE /* AOCDayProtocol.swift in Sources */,
				DCC5EF452B1CB4BA00C404E5 /* adventOfCode2023Core.docc in Sources */,
				DCC5EF5B2B1CB50F00C404E5 /* Day01.swift in Sources */,
				DCC073DE2B1F56DD005C43FE /* Day02.swift in Sources */,
				DC2E92F52B25D5B00027E1F2 /* Day03.swift in Sources */,
			);
			runOnlyForDeploymentPostprocessing = 0;
		};
		DCC5EF462B1CB4BA00C404E5 /* Sources */ = {
			isa = PBXSourcesBuildPhase;
			buildActionMask = 2147483647;
			files = (
				DCC5EF5D2B1CB54000C404E5 /* Day01Tests.swift in Sources */,
				DC2E92F72B25D6330027E1F2 /* Day03Tests.swift in Sources */,
				DC2E92FD2B25F2BA0027E1F2 /* Day04Tests.swift in Sources */,
				DCC073E02B1F6343005C43FE /* Day02Tests.swift in Sources */,
			);
			runOnlyForDeploymentPostprocessing = 0;
		};
/* End PBXSourcesBuildPhase section */

/* Begin PBXTargetDependency section */
		DCC5EF4D2B1CB4BA00C404E5 /* PBXTargetDependency */ = {
			isa = PBXTargetDependency;
			target = DCC5EF402B1CB4BA00C404E5 /* adventOfCode2023Core */;
			targetProxy = DCC5EF4C2B1CB4BA00C404E5 /* PBXContainerItemProxy */;
		};
/* End PBXTargetDependency section */

/* Begin XCBuildConfiguration section */
		DCC5EF372B1CB3E800C404E5 /* Debug */ = {
			isa = XCBuildConfiguration;
			buildSettings = {
				ALWAYS_SEARCH_USER_PATHS = NO;
				ASSETCATALOG_COMPILER_GENERATE_SWIFT_ASSET_SYMBOL_EXTENSIONS = YES;
				CLANG_ANALYZER_NONNULL = YES;
				CLANG_ANALYZER_NUMBER_OBJECT_CONVERSION = YES_AGGRESSIVE;
				CLANG_CXX_LANGUAGE_STANDARD = "gnu++20";
				CLANG_ENABLE_MODULES = YES;
				CLANG_ENABLE_OBJC_ARC = YES;
				CLANG_ENABLE_OBJC_WEAK = YES;
				CLANG_WARN_BLOCK_CAPTURE_AUTORELEASING = YES;
				CLANG_WARN_BOOL_CONVERSION = YES;
				CLANG_WARN_COMMA = YES;
				CLANG_WARN_CONSTANT_CONVERSION = YES;
				CLANG_WARN_DEPRECATED_OBJC_IMPLEMENTATIONS = YES;
				CLANG_WARN_DIRECT_OBJC_ISA_USAGE = YES_ERROR;
				CLANG_WARN_DOCUMENTATION_COMMENTS = YES;
				CLANG_WARN_EMPTY_BODY = YES;
				CLANG_WARN_ENUM_CONVERSION = YES;
				CLANG_WARN_INFINITE_RECURSION = YES;
				CLANG_WARN_INT_CONVERSION = YES;
				CLANG_WARN_NON_LITERAL_NULL_CONVERSION = YES;
				CLANG_WARN_OBJC_IMPLICIT_RETAIN_SELF = YES;
				CLANG_WARN_OBJC_LITERAL_CONVERSION = YES;
				CLANG_WARN_OBJC_ROOT_CLASS = YES_ERROR;
				CLANG_WARN_QUOTED_INCLUDE_IN_FRAMEWORK_HEADER = YES;
				CLANG_WARN_RANGE_LOOP_ANALYSIS = YES;
				CLANG_WARN_STRICT_PROTOTYPES = YES;
				CLANG_WARN_SUSPICIOUS_MOVE = YES;
				CLANG_WARN_UNGUARDED_AVAILABILITY = YES_AGGRESSIVE;
				CLANG_WARN_UNREACHABLE_CODE = YES;
				CLANG_WARN__DUPLICATE_METHOD_MATCH = YES;
				COPY_PHASE_STRIP = NO;
				DEBUG_INFORMATION_FORMAT = dwarf;
				ENABLE_STRICT_OBJC_MSGSEND = YES;
				ENABLE_TESTABILITY = YES;
				ENABLE_USER_SCRIPT_SANDBOXING = YES;
				GCC_C_LANGUAGE_STANDARD = gnu17;
				GCC_DYNAMIC_NO_PIC = NO;
				GCC_NO_COMMON_BLOCKS = YES;
				GCC_OPTIMIZATION_LEVEL = 0;
				GCC_PREPROCESSOR_DEFINITIONS = (
					"DEBUG=1",
					"$(inherited)",
				);
				GCC_WARN_64_TO_32_BIT_CONVERSION = YES;
				GCC_WARN_ABOUT_RETURN_TYPE = YES_ERROR;
				GCC_WARN_UNDECLARED_SELECTOR = YES;
				GCC_WARN_UNINITIALIZED_AUTOS = YES_AGGRESSIVE;
				GCC_WARN_UNUSED_FUNCTION = YES;
				GCC_WARN_UNUSED_VARIABLE = YES;
				LOCALIZATION_PREFERS_STRING_CATALOGS = YES;
				MACOSX_DEPLOYMENT_TARGET = 14.0;
				MTL_ENABLE_DEBUG_INFO = INCLUDE_SOURCE;
				MTL_FAST_MATH = YES;
				ONLY_ACTIVE_ARCH = YES;
				SDKROOT = macosx;
				SWIFT_ACTIVE_COMPILATION_CONDITIONS = "DEBUG $(inherited)";
				SWIFT_OPTIMIZATION_LEVEL = "-Onone";
			};
			name = Debug;
		};
		DCC5EF382B1CB3E800C404E5 /* Release */ = {
			isa = XCBuildConfiguration;
			buildSettings = {
				ALWAYS_SEARCH_USER_PATHS = NO;
				ASSETCATALOG_COMPILER_GENERATE_SWIFT_ASSET_SYMBOL_EXTENSIONS = YES;
				CLANG_ANALYZER_NONNULL = YES;
				CLANG_ANALYZER_NUMBER_OBJECT_CONVERSION = YES_AGGRESSIVE;
				CLANG_CXX_LANGUAGE_STANDARD = "gnu++20";
				CLANG_ENABLE_MODULES = YES;
				CLANG_ENABLE_OBJC_ARC = YES;
				CLANG_ENABLE_OBJC_WEAK = YES;
				CLANG_WARN_BLOCK_CAPTURE_AUTORELEASING = YES;
				CLANG_WARN_BOOL_CONVERSION = YES;
				CLANG_WARN_COMMA = YES;
				CLANG_WARN_CONSTANT_CONVERSION = YES;
				CLANG_WARN_DEPRECATED_OBJC_IMPLEMENTATIONS = YES;
				CLANG_WARN_DIRECT_OBJC_ISA_USAGE = YES_ERROR;
				CLANG_WARN_DOCUMENTATION_COMMENTS = YES;
				CLANG_WARN_EMPTY_BODY = YES;
				CLANG_WARN_ENUM_CONVERSION = YES;
				CLANG_WARN_INFINITE_RECURSION = YES;
				CLANG_WARN_INT_CONVERSION = YES;
				CLANG_WARN_NON_LITERAL_NULL_CONVERSION = YES;
				CLANG_WARN_OBJC_IMPLICIT_RETAIN_SELF = YES;
				CLANG_WARN_OBJC_LITERAL_CONVERSION = YES;
				CLANG_WARN_OBJC_ROOT_CLASS = YES_ERROR;
				CLANG_WARN_QUOTED_INCLUDE_IN_FRAMEWORK_HEADER = YES;
				CLANG_WARN_RANGE_LOOP_ANALYSIS = YES;
				CLANG_WARN_STRICT_PROTOTYPES = YES;
				CLANG_WARN_SUSPICIOUS_MOVE = YES;
				CLANG_WARN_UNGUARDED_AVAILABILITY = YES_AGGRESSIVE;
				CLANG_WARN_UNREACHABLE_CODE = YES;
				CLANG_WARN__DUPLICATE_METHOD_MATCH = YES;
				COPY_PHASE_STRIP = NO;
				DEBUG_INFORMATION_FORMAT = "dwarf-with-dsym";
				ENABLE_NS_ASSERTIONS = NO;
				ENABLE_STRICT_OBJC_MSGSEND = YES;
				ENABLE_USER_SCRIPT_SANDBOXING = YES;
				GCC_C_LANGUAGE_STANDARD = gnu17;
				GCC_NO_COMMON_BLOCKS = YES;
				GCC_WARN_64_TO_32_BIT_CONVERSION = YES;
				GCC_WARN_ABOUT_RETURN_TYPE = YES_ERROR;
				GCC_WARN_UNDECLARED_SELECTOR = YES;
				GCC_WARN_UNINITIALIZED_AUTOS = YES_AGGRESSIVE;
				GCC_WARN_UNUSED_FUNCTION = YES;
				GCC_WARN_UNUSED_VARIABLE = YES;
				LOCALIZATION_PREFERS_STRING_CATALOGS = YES;
				MACOSX_DEPLOYMENT_TARGET = 14.0;
				MTL_ENABLE_DEBUG_INFO = NO;
				MTL_FAST_MATH = YES;
				SDKROOT = macosx;
				SWIFT_COMPILATION_MODE = wholemodule;
			};
			name = Release;
		};
		DCC5EF3A2B1CB3E800C404E5 /* Debug */ = {
			isa = XCBuildConfiguration;
			buildSettings = {
				CODE_SIGN_STYLE = Automatic;
				DEVELOPMENT_TEAM = BB966Q622V;
				ENABLE_HARDENED_RUNTIME = YES;
				PRODUCT_NAME = "$(TARGET_NAME)";
				SWIFT_VERSION = 5.0;
			};
			name = Debug;
		};
		DCC5EF3B2B1CB3E800C404E5 /* Release */ = {
			isa = XCBuildConfiguration;
			buildSettings = {
				CODE_SIGN_STYLE = Automatic;
				DEVELOPMENT_TEAM = BB966Q622V;
				ENABLE_HARDENED_RUNTIME = YES;
				PRODUCT_NAME = "$(TARGET_NAME)";
				SWIFT_VERSION = 5.0;
			};
			name = Release;
		};
		DCC5EF532B1CB4BA00C404E5 /* Debug */ = {
			isa = XCBuildConfiguration;
			buildSettings = {
				CODE_SIGN_STYLE = Automatic;
				COMBINE_HIDPI_IMAGES = YES;
				CURRENT_PROJECT_VERSION = 1;
				DEFINES_MODULE = YES;
				DEVELOPMENT_TEAM = BB966Q622V;
				DYLIB_COMPATIBILITY_VERSION = 1;
				DYLIB_CURRENT_VERSION = 1;
				DYLIB_INSTALL_NAME_BASE = "@rpath";
				ENABLE_MODULE_VERIFIER = YES;
				GENERATE_INFOPLIST_FILE = YES;
				INFOPLIST_KEY_NSHumanReadableCopyright = "";
				INSTALL_PATH = "$(LOCAL_LIBRARY_DIR)/Frameworks";
				LD_RUNPATH_SEARCH_PATHS = (
					"$(inherited)",
					"@executable_path/../Frameworks",
					"@loader_path/Frameworks",
				);
				MARKETING_VERSION = 1.0;
				MODULE_VERIFIER_SUPPORTED_LANGUAGES = "objective-c objective-c++";
				MODULE_VERIFIER_SUPPORTED_LANGUAGE_STANDARDS = "gnu17 gnu++20";
				PRODUCT_BUNDLE_IDENTIFIER = rowebot.adventOfCode2023Core;
				PRODUCT_NAME = "$(TARGET_NAME:c99extidentifier)";
				SKIP_INSTALL = YES;
				SWIFT_EMIT_LOC_STRINGS = YES;
				SWIFT_VERSION = 5.0;
				VERSIONING_SYSTEM = "apple-generic";
				VERSION_INFO_PREFIX = "";
			};
			name = Debug;
		};
		DCC5EF542B1CB4BA00C404E5 /* Release */ = {
			isa = XCBuildConfiguration;
			buildSettings = {
				CODE_SIGN_STYLE = Automatic;
				COMBINE_HIDPI_IMAGES = YES;
				CURRENT_PROJECT_VERSION = 1;
				DEFINES_MODULE = YES;
				DEVELOPMENT_TEAM = BB966Q622V;
				DYLIB_COMPATIBILITY_VERSION = 1;
				DYLIB_CURRENT_VERSION = 1;
				DYLIB_INSTALL_NAME_BASE = "@rpath";
				ENABLE_MODULE_VERIFIER = YES;
				GENERATE_INFOPLIST_FILE = YES;
				INFOPLIST_KEY_NSHumanReadableCopyright = "";
				INSTALL_PATH = "$(LOCAL_LIBRARY_DIR)/Frameworks";
				LD_RUNPATH_SEARCH_PATHS = (
					"$(inherited)",
					"@executable_path/../Frameworks",
					"@loader_path/Frameworks",
				);
				MARKETING_VERSION = 1.0;
				MODULE_VERIFIER_SUPPORTED_LANGUAGES = "objective-c objective-c++";
				MODULE_VERIFIER_SUPPORTED_LANGUAGE_STANDARDS = "gnu17 gnu++20";
				PRODUCT_BUNDLE_IDENTIFIER = rowebot.adventOfCode2023Core;
				PRODUCT_NAME = "$(TARGET_NAME:c99extidentifier)";
				SKIP_INSTALL = YES;
				SWIFT_EMIT_LOC_STRINGS = YES;
				SWIFT_VERSION = 5.0;
				VERSIONING_SYSTEM = "apple-generic";
				VERSION_INFO_PREFIX = "";
			};
			name = Release;
		};
		DCC5EF562B1CB4BA00C404E5 /* Debug */ = {
			isa = XCBuildConfiguration;
			buildSettings = {
				ALWAYS_EMBED_SWIFT_STANDARD_LIBRARIES = YES;
				CODE_SIGN_STYLE = Automatic;
				CURRENT_PROJECT_VERSION = 1;
				DEVELOPMENT_TEAM = BB966Q622V;
				GENERATE_INFOPLIST_FILE = YES;
				MARKETING_VERSION = 1.0;
				PRODUCT_BUNDLE_IDENTIFIER = rowebot.adventOfCode2023CoreTests;
				PRODUCT_NAME = "$(TARGET_NAME)";
				SWIFT_EMIT_LOC_STRINGS = NO;
				SWIFT_VERSION = 5.0;
			};
			name = Debug;
		};
		DCC5EF572B1CB4BA00C404E5 /* Release */ = {
			isa = XCBuildConfiguration;
			buildSettings = {
				ALWAYS_EMBED_SWIFT_STANDARD_LIBRARIES = YES;
				CODE_SIGN_STYLE = Automatic;
				CURRENT_PROJECT_VERSION = 1;
				DEVELOPMENT_TEAM = BB966Q622V;
				GENERATE_INFOPLIST_FILE = YES;
				MARKETING_VERSION = 1.0;
				PRODUCT_BUNDLE_IDENTIFIER = rowebot.adventOfCode2023CoreTests;
				PRODUCT_NAME = "$(TARGET_NAME)";
				SWIFT_EMIT_LOC_STRINGS = NO;
				SWIFT_VERSION = 5.0;
			};
			name = Release;
		};
/* End XCBuildConfiguration section */

/* Begin XCConfigurationList section */
		DCC5EF2D2B1CB3E800C404E5 /* Build configuration list for PBXProject "adventOfCode2023" */ = {
			isa = XCConfigurationList;
			buildConfigurations = (
				DCC5EF372B1CB3E800C404E5 /* Debug */,
				DCC5EF382B1CB3E800C404E5 /* Release */,
			);
			defaultConfigurationIsVisible = 0;
			defaultConfigurationName = Release;
		};
		DCC5EF392B1CB3E800C404E5 /* Build configuration list for PBXNativeTarget "adventOfCode2023" */ = {
			isa = XCConfigurationList;
			buildConfigurations = (
				DCC5EF3A2B1CB3E800C404E5 /* Debug */,
				DCC5EF3B2B1CB3E800C404E5 /* Release */,
			);
			defaultConfigurationIsVisible = 0;
			defaultConfigurationName = Release;
		};
		DCC5EF522B1CB4BA00C404E5 /* Build configuration list for PBXNativeTarget "adventOfCode2023Core" */ = {
			isa = XCConfigurationList;
			buildConfigurations = (
				DCC5EF532B1CB4BA00C404E5 /* Debug */,
				DCC5EF542B1CB4BA00C404E5 /* Release */,
			);
			defaultConfigurationIsVisible = 0;
			defaultConfigurationName = Release;
		};
		DCC5EF552B1CB4BA00C404E5 /* Build configuration list for PBXNativeTarget "adventOfCode2023CoreTests" */ = {
			isa = XCConfigurationList;
			buildConfigurations = (
				DCC5EF562B1CB4BA00C404E5 /* Debug */,
				DCC5EF572B1CB4BA00C404E5 /* Release */,
			);
			defaultConfigurationIsVisible = 0;
			defaultConfigurationName = Release;
		};
/* End XCConfigurationList section */
	};
	rootObject = DCC5EF2A2B1CB3E800C404E5 /* Project object */;
}
